
Microsoft Visual Studio Solution File, Format Version 12.00
# Visual Studio 2012
Project("{D954291E-2A0B-460D-934E-DC6B0785DB48}") = "name", "Name\name.shproj", "{1B672A2D-7ABE-44BD-89D2-9E4750DDB042}"
EndProject
Project("{FAE04EC0-301F-11D3-BF4B-00C04F79EFBC}") = "name.iOS", "iOS\name.iOS.csproj", "{07AA2D81-BE17-4DA1-A356-A35A54CB9FF8}"
EndProject
Project("{FAE04EC0-301F-11D3-BF4B-00C04F79EFBC}") = "name.Droid", "Droid\name.Droid.csproj", "{46621FA6-2153-4D8D-8CFA-11988F578223}"
EndProject
Project("{FAE04EC0-301F-11D3-BF4B-00C04F79EFBC}") = "name.UITests", "UITests\name.UITests.csproj", "{8E3D6157-06D9-47FA-96A6-D143F6A6B9EA}"
EndProject
Global
	GlobalSection(SolutionConfigurationPlatforms) = preSolution
		Debug|iPhoneSimulator = Debug|iPhoneSimulator
		Release|iPhone = Release|iPhone
		Release|iPhoneSimulator = Release|iPhoneSimulator
		Debug|iPhone = Debug|iPhone
		Debug|Any CPU = Debug|Any CPU
		Release|Any CPU = Release|Any CPU
	EndGlobalSection
	GlobalSection(ProjectConfigurationPlatforms) = postSolution
		{07AA2D81-BE17-4DA1-A356-A35A54CB9FF8}.Debug|iPhoneSimulator.ActiveCfg = Debug|iPhoneSimulator
		{07AA2D81-BE17-4DA1-A356-A35A54CB9FF8}.Debug|iPhoneSimulator.Build.0 = Debug|iPhoneSimulator
		{07AA2D81-BE17-4DA1-A356-A35A54CB9FF8}.Release|iPhone.ActiveCfg = Release|iPhone
		{07AA2D81-BE17-4DA1-A356-A35A54CB9FF8}.Release|iPhone.Build.0 = Release|iPhone
		{07AA2D81-BE17-4DA1-A356-A35A54CB9FF8}.Release|iPhoneSimulator.ActiveCfg = Release|iPhoneSimulator
		{07AA2D81-BE17-4DA1-A356-A35A54CB9FF8}.Release|iPhoneSimulator.Build.0 = Release|iPhoneSimulator
		{07AA2D81-BE17-4DA1-A356-A35A54CB9FF8}.Debug|iPhone.ActiveCfg = Debug|iPhone
		{07AA2D81-BE17-4DA1-A356-A35A54CB9FF8}.Debug|iPhone.Build.0 = Debug|iPhone
		{07AA2D81-BE17-4DA1-A356-A35A54CB9FF8}.Debug|Any CPU.ActiveCfg = Debug|iPhoneSimulator
		{07AA2D81-BE17-4DA1-A356-A35A54CB9FF8}.Debug|Any CPU.Build.0 = Debug|iPhoneSimulator
		{07AA2D81-BE17-4DA1-A356-A35A54CB9FF8}.Release|Any CPU.ActiveCfg = Release|iPhone
		{07AA2D81-BE17-4DA1-A356-A35A54CB9FF8}.Release|Any CPU.Build.0 = Release|iPhone
		{46621FA6-2153-4D8D-8CFA-11988F578223}.Debug|iPhoneSimulator.ActiveCfg = Debug|Any CPU
		{46621FA6-2153-4D8D-8CFA-11988F578223}.Debug|iPhoneSimulator.Build.0 = Debug|Any CPU
		{46621FA6-2153-4D8D-8CFA-11988F578223}.Release|iPhone.ActiveCfg = Release|Any CPU
		{46621FA6-2153-4D8D-8CFA-11988F578223}.Release|iPhone.Build.0 = Release|Any CPU
		{46621FA6-2153-4D8D-8CFA-11988F578223}.Release|iPhoneSimulator.ActiveCfg = Release|Any CPU
		{46621FA6-2153-4D8D-8CFA-11988F578223}.Release|iPhoneSimulator.Build.0 = Release|Any CPU
		{46621FA6-2153-4D8D-8CFA-11988F578223}.Debug|iPhone.ActiveCfg = Debug|Any CPU
		{46621FA6-2153-4D8D-8CFA-11988F578223}.Debug|iPhone.Build.0 = Debug|Any CPU
		{46621FA6-2153-4D8D-8CFA-11988F578223}.Debug|Any CPU.ActiveCfg = Debug|Any CPU
		{46621FA6-2153-4D8D-8CFA-11988F578223}.Debug|Any CPU.Build.0 = Debug|Any CPU
		{46621FA6-2153-4D8D-8CFA-11988F578223}.Release|Any CPU.ActiveCfg = Release|Any CPU
		{46621FA6-2153-4D8D-8CFA-11988F578223}.Release|Any CPU.Build.0 = Release|Any CPU
		{8E3D6157-06D9-47FA-96A6-D143F6A6B9EA}.Debug|iPhoneSimulator.ActiveCfg = Debug|Any CPU
		{8E3D6157-06D9-47FA-96A6-D143F6A6B9EA}.Debug|iPhoneSimulator.Build.0 = Debug|Any CPU
		{8E3D6157-06D9-47FA-96A6-D143F6A6B9EA}.Release|iPhone.ActiveCfg = Release|Any CPU
		{8E3D6157-06D9-47FA-96A6-D143F6A6B9EA}.Release|iPhone.Build.0 = Release|Any CPU
		{8E3D6157-06D9-47FA-96A6-D143F6A6B9EA}.Release|iPhoneSimulator.ActiveCfg = Release|Any CPU
		{8E3D6157-06D9-47FA-96A6-D143F6A6B9EA}.Release|iPhoneSimulator.Build.0 = Release|Any CPU
		{8E3D6157-06D9-47FA-96A6-D143F6A6B9EA}.Debug|iPhone.ActiveCfg = Debug|Any CPU
		{8E3D6157-06D9-47FA-96A6-D143F6A6B9EA}.Debug|iPhone.Build.0 = Debug|Any CPU
		{8E3D6157-06D9-47FA-96A6-D143F6A6B9EA}.Debug|Any CPU.ActiveCfg = Debug|Any CPU
		{8E3D6157-06D9-47FA-96A6-D143F6A6B9EA}.Debug|Any CPU.Build.0 = Debug|Any CPU
		{8E3D6157-06D9-47FA-96A6-D143F6A6B9EA}.Release|Any CPU.ActiveCfg = Release|Any CPU
		{8E3D6157-06D9-47FA-96A6-D143F6A6B9EA}.Release|Any CPU.Build.0 = Release|Any CPU
	EndGlobalSection
EndGlobal
